
Microsoft Visual Studio Solution File, Format Version 12.00
# Visual Studio Version 17
VisualStudioVersion = 17.3.32922.545
MinimumVisualStudioVersion = 10.0.40219.1
Project("{FAE04EC0-301F-11D3-BF4B-00C04F79EFBC}") = "Cod4Keygen", "Cod4Keygen\Cod4Keygen.csproj", "{600163D3-C28A-4B99-A9D8-3A6B2D53A3EF}"
EndProject
Global
	GlobalSection(SolutionConfigurationPlatforms) = preSolution
		Debug|Any CPU = Debug|Any CPU
		Release|Any CPU = Release|Any CPU
	EndGlobalSection
	GlobalSection(ProjectConfigurationPlatforms) = postSolution
		{600163D3-C28A-4B99-A9D8-3A6B2D53A3EF}.Debug|Any CPU.ActiveCfg = Debug|Any CPU
		{600163D3-C28A-4B99-A9D8-3A6B2D53A3EF}.Debug|Any CPU.Build.0 = Debug|Any CPU
		{600163D3-C28A-4B99-A9D8-3A6B2D53A3EF}.Release|Any CPU.ActiveCfg = Release|Any CPU
		{600163D3-C28A-4B99-A9D8-3A6B2D53A3EF}.Release|Any CPU.Build.0 = Release|Any CPU
	EndGlobalSection
	GlobalSection(SolutionProperties) = preSolution
		HideSolutionNode = FALSE
	EndGlobalSection
	GlobalSection(ExtensibilityGlobals) = postSolution
		SolutionGuid = {147FB039-27C8-4786-8873-8BBF744DF18E}
	EndGlobalSection
EndGlobal
